
Microsoft Visual Studio Solution File, Format Version 12.00
# Visual Studio Version 17
VisualStudioVersion = 17.5.33516.290
MinimumVisualStudioVersion = 10.0.40219.1
Project("{FAE04EC0-301F-11D3-BF4B-00C04F79EFBC}") = "JenkinsWebApi", "JenkinsWebApi\JenkinsWebApi.csproj", "{F9D8A659-A8EA-455E-812E-BCDCD562C049}"
EndProject
Global
	GlobalSection(SolutionConfigurationPlatforms) = preSolution
		Debug|Any CPU = Debug|Any CPU
		Release|Any CPU = Release|Any CPU
	EndGlobalSection
	GlobalSection(ProjectConfigurationPlatforms) = postSolution
		{F9D8A659-A8EA-455E-812E-BCDCD562C049}.Debug|Any CPU.ActiveCfg = Debug|Any CPU
		{F9D8A659-A8EA-455E-812E-BCDCD562C049}.Debug|Any CPU.Build.0 = Debug|Any CPU
		{F9D8A659-A8EA-455E-812E-BCDCD562C049}.Release|Any CPU.ActiveCfg = Release|Any CPU
		{F9D8A659-A8EA-455E-812E-BCDCD562C049}.Release|Any CPU.Build.0 = Release|Any CPU
	EndGlobalSection
	GlobalSection(SolutionProperties) = preSolution
		HideSolutionNode = FALSE
	EndGlobalSection
	GlobalSection(ExtensibilityGlobals) = postSolution
		SolutionGuid = {E0FFB6FD-32DC-4FDE-BC75-F36DA6110C53}
	EndGlobalSection
EndGlobal
